version = 1
revision = 3
requires-python = ">=3.12"

[[package]]
name = "basedpyright"
version = "1.38.1"
source = { registry = "https://pypi.org/simple" }
dependencies = [
    { name = "nodejs-wheel-binaries" },
]
sdist = { url = "https://files.pythonhosted.org/packages/17/ea/4d45e3c66c609496f3069a7c9e5fbd1f9ba54097c41b89048af0d8021ea6/basedpyright-1.38.1.tar.gz", hash = "sha256:e4876aa3ef7c76569ffdcd908d4e260b8d1a1deaa8838f2486f91a10b60d68d6", size = 25267403, upload-time = "2026-02-18T09:20:45.563Z" }
wheels = [
    { url = "https://files.pythonhosted.org/packages/28/92/42f4dc30a28c052a70c939d8dbb34102674b48c89369010442038d3c888b/basedpyright-1.38.1-py3-none-any.whl", hash = "sha256:24f21661d2754687b64f3bc35efcc78781e11b08c8b2310312ed92bf178ea627", size = 12311610, upload-time = "2026-02-18T09:20:50.09Z" },
]

[[package]]
name = "castvibe"
version = "0.1.0"
source = { virtual = "." }

[package.dev-dependencies]
dev = [
    { name = "basedpyright" },
    { name = "deptry" },
    { name = "ruff" },
]

[package.metadata]

[package.metadata.requires-dev]
dev = [
    { name = "basedpyright", specifier = ">=1.38.1" },
    { name = "deptry", specifier = ">=0.24.0" },
    { name = "ruff", specifier = ">=0.15.1" },
]

[[package]]
name = "click"
version = "8.3.1"
source = { registry = "https://pypi.org/simple" }
dependencies = [
    { name = "colorama", marker = "sys_platform == 'win32'" },
]
sdist = { url = "https://files.pythonhosted.org/packages/3d/fa/656b739db8587d7b5dfa22e22ed02566950fbfbcdc20311993483657a5c0/click-8.3.1.tar.gz", hash = "sha256:12ff4785d337a1bb490bb7e9c2b1ee5da3112e94a8622f26a6c77f5d2fc6842a", size = 295065, upload-time = "2025-11-15T20:45:42.706Z" }
wheels = [
    { url = "https://files.pythonhosted.org/packages/98/78/01c019cdb5d6498122777c1a43056ebb3ebfeef2076d9d026bfe15583b2b/click-8.3.1-py3-none-any.whl", hash = "sha256:981153a64e25f12d547d3426c367a4857371575ee7ad18df2a6183ab0545b2a6", size = 108274, upload-time = "2025-11-15T20:45:41.139Z" },
]

[[package]]
name = "colorama"
version = "0.4.6"
source = { registry = "https://pypi.org/simple" }
sdist = { url = "https://files.pythonhosted.org/packages/d8/53/6f443c9a4a8358a93a6792e2acffb9d9d5cb0a5cfd8802644b7b1c9a02e4/colorama-0.4.6.tar.gz", hash = "sha256:08695f5cb7ed6e0531a20572697297273c47b8cae5a63ffc6d6ed5c201be6e44", size = 27697, upload-time = "2022-10-25T02:36:22.414Z" }
wheels = [
    { url = "https://files.pythonhosted.org/packages/d1/d6/3965ed04c63042e047cb6a3e6ed1a63a35087b6a609aa3a15ed8ac56c221/colorama-0.4.6-py2.py3-none-any.whl", hash = "sha256:4f1d9991f5acc0ca119f9d443620b77f9d6b33703e51011c16baf57afb285fc6", size = 25335, upload-time = "2022-10-25T02:36:20.889Z" },
]

[[package]]
name = "deptry"
version = "0.24.0"
source = { registry = "https://pypi.org/simple" }
dependencies = [
    { name = "click" },
    { name = "colorama", marker = "sys_platform == 'win32'" },
    { name = "packaging" },
    { name = "requirements-parser" },
]
sdist = { url = "https://files.pythonhosted.org/packages/58/aa/5cae0f25a2ac5334d5bd2782a6bcd80eecf184f433ff74b2fb0387cfbbb6/deptry-0.24.0.tar.gz", hash = "sha256:852e88af2087e03cdf9ece6916f3f58b74191ab51cc8074897951bd496ee7dbb", size = 440158, upload-time = "2025-11-09T00:31:44.637Z" }
wheels = [
    { url = "https://files.pythonhosted.org/packages/21/5a/c1552996499911b6eabe874a994d9eede58ac3936d7fe7f865857b97c03f/deptry-0.24.0-cp39-abi3-macosx_10_12_x86_64.whl", hash = "sha256:a575880146bab671a62babb9825b85b4f1bda8aeaade4fcb59f9262caf91d6c7", size = 1774138, upload-time = "2025-11-09T00:31:41.896Z" },
    { url = "https://files.pythonhosted.org/packages/32/b6/1dcc011fc3e6eec71601569c9de3215530563412b3714fba80dcd1a88ec8/deptry-0.24.0-cp39-abi3-macosx_11_0_arm64.whl", hash = "sha256:00ec34b968a13c03a5268ce0211f891ace31851d916415e0a748fae9596c00d5", size = 1677340, upload-time = "2025-11-09T00:31:39.676Z" },
    { url = "https://files.pythonhosted.org/packages/4a/e2/af81dfd46b457be9e8ded9472872141777fbda8af661f5d509157b165359/deptry-0.24.0-cp39-abi3-manylinux_2_17_aarch64.manylinux2014_aarch64.whl", hash = "sha256:6ddfedafafe5cbfce31a50d4ea99d7b9074edcd08b9b94350dc739e2fb6ed7f9", size = 1782740, upload-time = "2025-11-09T00:31:28.302Z" },
    { url = "https://files.pythonhosted.org/packages/ab/28/960c311aae084deef57ece41aac13cb359b06ce31b7771139e79c394a1b7/deptry-0.24.0-cp39-abi3-manylinux_2_17_x86_64.manylinux2014_x86_64.whl", hash = "sha256:dd22fa2dbbdf4b38061ca9504f2a6ce41ec14fa5c9fe9b0b763ccc1275efebd5", size = 1845477, upload-time = "2025-11-09T00:31:33.452Z" },
    { url = "https://files.pythonhosted.org/packages/f5/6c/4b972b011a06611e0cf8f4bb6bc04a3d0f9c651950ad9abe320fcbac6983/deptry-0.24.0-cp39-abi3-musllinux_1_1_aarch64.whl", hash = "sha256:0fbe50a2122d79cec53fdfd73a7092c05f316555a1139bcbacf3432572675977", size = 1960410, upload-time = "2025-11-09T00:31:31.174Z" },
    { url = "https://files.pythonhosted.org/packages/1b/08/0eac3c72a9fd79a043cc492f3ba350c47a7be2160288353218b2c8c1bf3a/deptry-0.24.0-cp39-abi3-musllinux_1_1_x86_64.whl", hash = "sha256:92bd8d331a5a6f8e6247436bc6fe384bcf86a8d69fe33442d195996fb9b20547", size = 2023832, upload-time = "2025-11-09T00:31:36.381Z" },
    { url = "https://files.pythonhosted.org/packages/35/e4/23dcbc505f6f35c70ba68015774cf891ceda080331d7fd6d75e84ada9f73/deptry-0.24.0-cp39-abi3-win_amd64.whl", hash = "sha256:94b354848130d45e16d3a3039ae8177bce33828f62028c4ff8f2e1b04f7182ba", size = 1631631, upload-time = "2025-11-09T00:31:47.108Z" },
    { url = "https://files.pythonhosted.org/packages/39/69/6ec1e18e27dd6f80e4fb6c5fc05a6527242ff83b81c0711d0ba470e9a144/deptry-0.24.0-cp39-abi3-win_arm64.whl", hash = "sha256:ea58709e5f3aa77c0737d8fb76166b7703201cf368fbbb14072ccda968b6703a", size = 1550504, upload-time = "2025-11-09T00:31:45.988Z" },
]

[[package]]
name = "nodejs-wheel-binaries"
version = "24.13.1"
source = { registry = "https://pypi.org/simple" }
sdist = { url = "https://files.pythonhosted.org/packages/e5/d0/81d98b8fddc45332f79d6ad5749b1c7409fb18723545eae75d9b7e0048fb/nodejs_wheel_binaries-24.13.1.tar.gz", hash = "sha256:512659a67449a038231e2e972d49e77049d2cf789ae27db39eff4ab1ca52ac57", size = 8056, upload-time = "2026-02-12T17:31:04.368Z" }
wheels = [
    { url = "https://files.pythonhosted.org/packages/aa/04/1ffe1838306654fcb50bcf46172567d50c8e27a76f4b9e55a1971fab5c4f/nodejs_wheel_binaries-24.13.1-py2.py3-none-macosx_13_0_arm64.whl", hash = "sha256:360ac9382c651de294c23c4933a02358c4e11331294983f3cf50ca1ac32666b1", size = 54757440, upload-time = "2026-02-12T17:30:35.748Z" },
    { url = "https://files.pythonhosted.org/packages/66/f6/81ad81bc3bd919a20b110130c4fd318c7b6a5abb37eb53daa353ad908012/nodejs_wheel_binaries-24.13.1-py2.py3-none-macosx_13_0_x86_64.whl", hash = "sha256:035b718946793986762cdd50deee7f5f1a8f1b0bad0f0cfd57cad5492f5ea018", size = 54932957, upload-time = "2026-02-12T17:30:40.114Z" },
    { url = "https://files.pythonhosted.org/packages/14/be/8e8a2bd50953c4c5b7e0fca07368d287917b84054dc3c93dd26a2940f0f9/nodejs_wheel_binaries-24.13.1-py2.py3-none-manylinux_2_28_aarch64.whl", hash = "sha256:f795e9238438c4225f76fbd01e2b8e1a322116bbd0dc15a7dbd585a3ad97961e", size = 59287257, upload-time = "2026-02-12T17:30:43.781Z" },
    { url = "https://files.pythonhosted.org/packages/58/57/92f6dfa40647702a9fa6d32393ce4595d0fc03c1daa9b245df66cc60e959/nodejs_wheel_binaries-24.13.1-py2.py3-none-manylinux_2_28_x86_64.whl", hash = "sha256:978328e3ad522571eb163b042dfbd7518187a13968fe372738f90fdfe8a46afc", size = 59781783, upload-time = "2026-02-12T17:30:47.387Z" },
    { url = "https://files.pythonhosted.org/packages/f7/a5/457b984cf675cf86ace7903204b9c36edf7a2d1b4325ddf71eaf8d1027c7/nodejs_wheel_binaries-24.13.1-py2.py3-none-musllinux_1_2_aarch64.whl", hash = "sha256:e1dc893df85299420cd2a5feea0c3f8482a719b5f7f82d5977d58718b8b78b5f", size = 61287166, upload-time = "2026-02-12T17:30:50.646Z" },
    { url = "https://files.pythonhosted.org/packages/3c/99/da515f7bc3bce35cfa6005f0e0c4e3c4042a466782b143112eb393b663be/nodejs_wheel_binaries-24.13.1-py2.py3-none-musllinux_1_2_x86_64.whl", hash = "sha256:0e581ae219a39073dcadd398a2eb648f0707b0f5d68c565586139f919c91cbe9", size = 61870142, upload-time = "2026-02-12T17:30:54.563Z" },
    { url = "https://files.pythonhosted.org/packages/cc/c0/22001d2c96d8200834af7d1de5e72daa3266c7270330275104c3d9ddd143/nodejs_wheel_binaries-24.13.1-py2.py3-none-win_amd64.whl", hash = "sha256:d4c969ea0bcb8c8b20bc6a7b4ad2796146d820278f17d4dc20229b088c833e22", size = 41185473, upload-time = "2026-02-12T17:30:57.524Z" },
    { url = "https://files.pythonhosted.org/packages/ab/c4/7532325f968ecfc078e8a028e69a52e4c3f95fb800906bf6931ac1e89e2b/nodejs_wheel_binaries-24.13.1-py2.py3-none-win_arm64.whl", hash = "sha256:caec398cb9e94c560bacdcba56b3828df22a355749eb291f47431af88cbf26dc", size = 38881194, upload-time = "2026-02-12T17:31:00.214Z" },
]

[[package]]
name = "packaging"
version = "26.0"
source = { registry = "https://pypi.org/simple" }
sdist = { url = "https://files.pythonhosted.org/packages/65/ee/299d360cdc32edc7d2cf530f3accf79c4fca01e96ffc950d8a52213bd8e4/packaging-26.0.tar.gz", hash = "sha256:00243ae351a257117b6a241061796684b084ed1c516a08c48a3f7e147a9d80b4", size = 143416, upload-time = "2026-01-21T20:50:39.064Z" }
wheels = [
    { url = "https://files.pythonhosted.org/packages/b7/b9/c538f279a4e237a006a2c98387d081e9eb060d203d8ed34467cc0f0b9b53/packaging-26.0-py3-none-any.whl", hash = "sha256:b36f1fef9334a5588b4166f8bcd26a14e521f2b55e6b9de3aaa80d3ff7a37529", size = 74366, upload-time = "2026-01-21T20:50:37.788Z" },
]

[[package]]
name = "requirements-parser"
version = "0.13.0"
source = { registry = "https://pypi.org/simple" }
dependencies = [
    { name = "packaging" },
]
sdist = { url = "https://files.pythonhosted.org/packages/95/96/fb6dbfebb524d5601d359a47c78fe7ba1eef90fc4096404aa60c9a906fbb/requirements_parser-0.13.0.tar.gz", hash = "sha256:0843119ca2cb2331de4eb31b10d70462e39ace698fd660a915c247d2301a4418", size = 22630, upload-time = "2025-05-21T13:42:05.464Z" }
wheels = [
    { url = "https://files.pythonhosted.org/packages/bd/60/50fbb6ffb35f733654466f1a90d162bcbea358adc3b0871339254fbc37b2/requirements_parser-0.13.0-py3-none-any.whl", hash = "sha256:2b3173faecf19ec5501971b7222d38f04cb45bb9d87d0ad629ca71e2e62ded14", size = 14782, upload-time = "2025-05-21T13:42:04.007Z" },
]

[[package]]
name = "ruff"
version = "0.15.1"
source = { registry = "https://pypi.org/simple" }
sdist = { url = "https://files.pythonhosted.org/packages/04/dc/4e6ac71b511b141cf626357a3946679abeba4cf67bc7cc5a17920f31e10d/ruff-0.15.1.tar.gz", hash = "sha256:c590fe13fb57c97141ae975c03a1aedb3d3156030cabd740d6ff0b0d601e203f", size = 4540855, upload-time = "2026-02-12T23:09:09.998Z" }
wheels = [
    { url = "https://files.pythonhosted.org/packages/23/bf/e6e4324238c17f9d9120a9d60aa99a7daaa21204c07fcd84e2ef03bb5fd1/ruff-0.15.1-py3-none-linux_armv6l.whl", hash = "sha256:b101ed7cf4615bda6ffe65bdb59f964e9f4a0d3f85cbf0e54f0ab76d7b90228a", size = 10367819, upload-time = "2026-02-12T23:09:03.598Z" },
    { url = "https://files.pythonhosted.org/packages/b3/ea/c8f89d32e7912269d38c58f3649e453ac32c528f93bb7f4219258be2e7ed/ruff-0.15.1-py3-none-macosx_10_12_x86_64.whl", hash = "sha256:939c995e9277e63ea632cc8d3fae17aa758526f49a9a850d2e7e758bfef46602", size = 10798618, upload-time = "2026-02-12T23:09:22.928Z" },
    { url = "https://files.pythonhosted.org/packages/5e/0f/1d0d88bc862624247d82c20c10d4c0f6bb2f346559d8af281674cf327f15/ruff-0.15.1-py3-none-macosx_11_0_arm64.whl", hash = "sha256:1d83466455fdefe60b8d9c8df81d3c1bbb2115cede53549d3b522ce2bc703899", size = 10148518, upload-time = "2026-02-12T23:08:58.339Z" },
    { url = "https://files.pythonhosted.org/packages/f5/c8/291c49cefaa4a9248e986256df2ade7add79388fe179e0691be06fae6f37/ruff-0.15.1-py3-none-manylinux_2_17_aarch64.manylinux2014_aarch64.whl", hash = "sha256:a9457e3c3291024866222b96108ab2d8265b477e5b1534c7ddb1810904858d16", size = 10518811, upload-time = "2026-02-12T23:09:31.865Z" },
    { url = "https://files.pythonhosted.org/packages/c3/1a/f5707440e5ae43ffa5365cac8bbb91e9665f4a883f560893829cf16a606b/ruff-0.15.1-py3-none-manylinux_2_17_armv7l.manylinux2014_armv7l.whl", hash = "sha256:92c92b003e9d4f7fbd33b1867bb15a1b785b1735069108dfc23821ba045b29bc", size = 10196169, upload-time = "2026-02-12T23:09:17.306Z" },
    { url = "https://files.pythonhosted.org/packages/2a/ff/26ddc8c4da04c8fd3ee65a89c9fb99eaa5c30394269d424461467be2271f/ruff-0.15.1-py3-none-manylinux_2_17_i686.manylinux2014_i686.whl", hash = "sha256:1fe5c41ab43e3a06778844c586251eb5a510f67125427625f9eb2b9526535779", size = 10990491, upload-time = "2026-02-12T23:09:25.503Z" },
    { url = "https://files.pythonhosted.org/packages/fc/00/50920cb385b89413f7cdb4bb9bc8fc59c1b0f30028d8bccc294189a54955/ruff-0.15.1-py3-none-manylinux_2_17_ppc64le.manylinux2014_ppc64le.whl", hash = "sha256:66a6dd6df4d80dc382c6484f8ce1bcceb55c32e9f27a8b94c32f6c7331bf14fb", size = 11843280, upload-time = "2026-02-12T23:09:19.88Z" },
    { url = "https://files.pythonhosted.org/packages/5d/6d/2f5cad8380caf5632a15460c323ae326f1e1a2b5b90a6ee7519017a017ca/ruff-0.15.1-py3-none-manylinux_2_17_s390x.manylinux2014_s390x.whl", hash = "sha256:6a4a42cbb8af0bda9bcd7606b064d7c0bc311a88d141d02f78920be6acb5aa83", size = 11274336, upload-time = "2026-02-12T23:09:14.907Z" },
    { url = "https://files.pythonhosted.org/packages/a3/1d/5f56cae1d6c40b8a318513599b35ea4b075d7dc1cd1d04449578c29d1d75/ruff-0.15.1-py3-none-manylinux_2_17_x86_64.manylinux2014_x86_64.whl", hash = "sha256:4ab064052c31dddada35079901592dfba2e05f5b1e43af3954aafcbc1096a5b2", size = 11137288, upload-time = "2026-02-12T23:09:07.475Z" },
    { url = "https://files.pythonhosted.org/packages/cd/20/6f8d7d8f768c93b0382b33b9306b3b999918816da46537d5a61635514635/ruff-0.15.1-py3-none-manylinux_2_31_riscv64.whl", hash = "sha256:5631c940fe9fe91f817a4c2ea4e81f47bee3ca4aa646134a24374f3c19ad9454", size = 11070681, upload-time = "2026-02-12T23:08:55.43Z" },
    { url = "https://files.pythonhosted.org/packages/9a/67/d640ac76069f64cdea59dba02af2e00b1fa30e2103c7f8d049c0cff4cafd/ruff-0.15.1-py3-none-musllinux_1_2_aarch64.whl", hash = "sha256:68138a4ba184b4691ccdc39f7795c66b3c68160c586519e7e8444cf5a53e1b4c", size = 10486401, upload-time = "2026-02-12T23:09:27.927Z" },
    { url = "https://files.pythonhosted.org/packages/65/3d/e1429f64a3ff89297497916b88c32a5cc88eeca7e9c787072d0e7f1d3e1e/ruff-0.15.1-py3-none-musllinux_1_2_armv7l.whl", hash = "sha256:518f9af03bfc33c03bdb4cb63fabc935341bb7f54af500f92ac309ecfbba6330", size = 10197452, upload-time = "2026-02-12T23:09:12.147Z" },
    { url = "https://files.pythonhosted.org/packages/78/83/e2c3bade17dad63bf1e1c2ffaf11490603b760be149e1419b07049b36ef2/ruff-0.15.1-py3-none-musllinux_1_2_i686.whl", hash = "sha256:da79f4d6a826caaea95de0237a67e33b81e6ec2e25fc7e1993a4015dffca7c61", size = 10693900, upload-time = "2026-02-12T23:09:34.418Z" },
    { url = "https://files.pythonhosted.org/packages/a1/27/fdc0e11a813e6338e0706e8b39bb7a1d61ea5b36873b351acee7e524a72a/ruff-0.15.1-py3-none-musllinux_1_2_x86_64.whl", hash = "sha256:3dd86dccb83cd7d4dcfac303ffc277e6048600dfc22e38158afa208e8bf94a1f", size = 11227302, upload-time = "2026-02-12T23:09:36.536Z" },
    { url = "https://files.pythonhosted.org/packages/f6/58/ac864a75067dcbd3b95be5ab4eb2b601d7fbc3d3d736a27e391a4f92a5c1/ruff-0.15.1-py3-none-win32.whl", hash = "sha256:660975d9cb49b5d5278b12b03bb9951d554543a90b74ed5d366b20e2c57c2098", size = 10462555, upload-time = "2026-02-12T23:09:29.899Z" },
    { url = "https://files.pythonhosted.org/packages/e0/5e/d4ccc8a27ecdb78116feac4935dfc39d1304536f4296168f91ed3ec00cd2/ruff-0.15.1-py3-none-win_amd64.whl", hash = "sha256:c820fef9dd5d4172a6570e5721704a96c6679b80cf7be41659ed439653f62336", size = 11599956, upload-time = "2026-02-12T23:09:01.157Z" },
    { url = "https://files.pythonhosted.org/packages/2a/07/5bda6a85b220c64c65686bc85bd0bbb23b29c62b3a9f9433fa55f17cda93/ruff-0.15.1-py3-none-win_arm64.whl", hash = "sha256:5ff7d5f0f88567850f45081fac8f4ec212be8d0b963e385c3f7d0d2eb4899416", size = 10874604, upload-time = "2026-02-12T23:09:05.515Z" },
]
